
Microsoft Visual Studio Solution File, Format Version 12.00
# Visual Studio Version 16
VisualStudioVersion = 16.0.32106.194
MinimumVisualStudioVersion = 10.0.40219.1
Project("{FAE04EC0-301F-11D3-BF4B-00C04F79EFBC}") = "VendingMachineSimulator", "VendingMachineSimulator.csproj", "{172049CA-F622-44C7-8B71-A81AA4361E68}"
EndProject
Project("{FAE04EC0-301F-11D3-BF4B-00C04F79EFBC}") = "VendingMachineSiumlator.Tests", "..\VendingMachineSiumlator.Tests\VendingMachineSiumlator.Tests.csproj", "{F5CD11C9-5153-419F-AD6F-87B334B6D031}"
EndProject
Global
	GlobalSection(SolutionConfigurationPlatforms) = preSolution
		Debug|Any CPU = Debug|Any CPU
		Release|Any CPU = Release|Any CPU
	EndGlobalSection
	GlobalSection(ProjectConfigurationPlatforms) = postSolution
		{172049CA-F622-44C7-8B71-A81AA4361E68}.Debug|Any CPU.ActiveCfg = Debug|Any CPU
		{172049CA-F622-44C7-8B71-A81AA4361E68}.Debug|Any CPU.Build.0 = Debug|Any CPU
		{172049CA-F622-44C7-8B71-A81AA4361E68}.Release|Any CPU.ActiveCfg = Release|Any CPU
		{172049CA-F622-44C7-8B71-A81AA4361E68}.Release|Any CPU.Build.0 = Release|Any CPU
		{F5CD11C9-5153-419F-AD6F-87B334B6D031}.Debug|Any CPU.ActiveCfg = Debug|Any CPU
		{F5CD11C9-5153-419F-AD6F-87B334B6D031}.Debug|Any CPU.Build.0 = Debug|Any CPU
		{F5CD11C9-5153-419F-AD6F-87B334B6D031}.Release|Any CPU.ActiveCfg = Release|Any CPU
		{F5CD11C9-5153-419F-AD6F-87B334B6D031}.Release|Any CPU.Build.0 = Release|Any CPU
	EndGlobalSection
	GlobalSection(SolutionProperties) = preSolution
		HideSolutionNode = FALSE
	EndGlobalSection
	GlobalSection(ExtensibilityGlobals) = postSolution
		SolutionGuid = {C36A00E7-BAAB-42CA-AF9E-8AF01080002D}
	EndGlobalSection
EndGlobal
